// !$*UTF8*$!
{
	archiveVersion = 1;
	classes = {
	};
	objectVersion = 56;
	objects = {

/* Begin PBXBuildFile section */
		05915D872C81DB6400733B2F /* AddTaskViewController.swift in Sources */ = {isa = PBXBuildFile; fileRef = 05915D862C81DB6400733B2F /* AddTaskViewController.swift */; };
		05915D892C81DB7E00733B2F /* AddTaskPresenter.swift in Sources */ = {isa = PBXBuildFile; fileRef = 05915D882C81DB7E00733B2F /* AddTaskPresenter.swift */; };
		05915D8B2C81DB8D00733B2F /* AddTaskInteractor.swift in Sources */ = {isa = PBXBuildFile; fileRef = 05915D8A2C81DB8D00733B2F /* AddTaskInteractor.swift */; };
		05915D8D2C81DB9C00733B2F /* AddTaskConfigurator.swift in Sources */ = {isa = PBXBuildFile; fileRef = 05915D8C2C81DB9C00733B2F /* AddTaskConfigurator.swift */; };
		05915D952C8303D400733B2F /* NetworkManagerTests.swift in Sources */ = {isa = PBXBuildFile; fileRef = 05915D942C8303D400733B2F /* NetworkManagerTests.swift */; };
		059AB1E72C7DFD8D00CE23E4 /* TaskListRouter.swift in Sources */ = {isa = PBXBuildFile; fileRef = 059AB1E62C7DFD8D00CE23E4 /* TaskListRouter.swift */; };
		059AB1E92C7E21EA00CE23E4 /* TaskCell.swift in Sources */ = {isa = PBXBuildFile; fileRef = 059AB1E82C7E21EA00CE23E4 /* TaskCell.swift */; };
		059AB1EC2C7E2B0500CE23E4 /* Task+CoreDataClass.swift in Sources */ = {isa = PBXBuildFile; fileRef = 059AB1EA2C7E2B0500CE23E4 /* Task+CoreDataClass.swift */; };
		059AB1ED2C7E2B0500CE23E4 /* Task+CoreDataProperties.swift in Sources */ = {isa = PBXBuildFile; fileRef = 059AB1EB2C7E2B0500CE23E4 /* Task+CoreDataProperties.swift */; };
		059AB1F02C7E2C4500CE23E4 /* CodingUserInfoKey + CoreData.swift in Sources */ = {isa = PBXBuildFile; fileRef = 059AB1EF2C7E2C4500CE23E4 /* CodingUserInfoKey + CoreData.swift */; };
		059AB1F22C7E33E600CE23E4 /* ApiInfo.swift in Sources */ = {isa = PBXBuildFile; fileRef = 059AB1F12C7E33E600CE23E4 /* ApiInfo.swift */; };
		05DC6DD32C7DBBE50088A400 /* AppDelegate.swift in Sources */ = {isa = PBXBuildFile; fileRef = 05DC6DD22C7DBBE50088A400 /* AppDelegate.swift */; };
		05DC6DD52C7DBBE50088A400 /* SceneDelegate.swift in Sources */ = {isa = PBXBuildFile; fileRef = 05DC6DD42C7DBBE50088A400 /* SceneDelegate.swift */; };
		05DC6DDA2C7DBBE50088A400 /* Base in Resources */ = {isa = PBXBuildFile; fileRef = 05DC6DD92C7DBBE50088A400 /* Base */; };
		05DC6DDD2C7DBBE50088A400 /* ToDoList.xcdatamodeld in Sources */ = {isa = PBXBuildFile; fileRef = 05DC6DDB2C7DBBE50088A400 /* ToDoList.xcdatamodeld */; };
		05DC6DDF2C7DBBE60088A400 /* Assets.xcassets in Resources */ = {isa = PBXBuildFile; fileRef = 05DC6DDE2C7DBBE60088A400 /* Assets.xcassets */; };
		05DC6DE22C7DBBE60088A400 /* Base in Resources */ = {isa = PBXBuildFile; fileRef = 05DC6DE12C7DBBE60088A400 /* Base */; };
		05DC6DF32C7DC0AF0088A400 /* TaskListViewController.swift in Sources */ = {isa = PBXBuildFile; fileRef = 05DC6DF22C7DC0AF0088A400 /* TaskListViewController.swift */; };
		05DC6DF52C7DCC040088A400 /* TaskDetailsViewController.swift in Sources */ = {isa = PBXBuildFile; fileRef = 05DC6DF42C7DCC040088A400 /* TaskDetailsViewController.swift */; };
		05DC6DF82C7DD1A20088A400 /* TaskCellViewModel.swift in Sources */ = {isa = PBXBuildFile; fileRef = 05DC6DF72C7DD1A20088A400 /* TaskCellViewModel.swift */; };
		05DC6DFA2C7DD7D90088A400 /* TaskListPresenter.swift in Sources */ = {isa = PBXBuildFile; fileRef = 05DC6DF92C7DD7D90088A400 /* TaskListPresenter.swift */; };
		05DC6DFC2C7DD7FD0088A400 /* TaskListInteractor.swift in Sources */ = {isa = PBXBuildFile; fileRef = 05DC6DFB2C7DD7FD0088A400 /* TaskListInteractor.swift */; };
		05DC6DFE2C7DDA260088A400 /* TaskListConfigurator.swift in Sources */ = {isa = PBXBuildFile; fileRef = 05DC6DFD2C7DDA260088A400 /* TaskListConfigurator.swift */; };
		05DC6E002C7DED160088A400 /* StorageManager.swift in Sources */ = {isa = PBXBuildFile; fileRef = 05DC6DFF2C7DED160088A400 /* StorageManager.swift */; };
		05DC6E022C7DF1E30088A400 /* NetworkManager.swift in Sources */ = {isa = PBXBuildFile; fileRef = 05DC6E012C7DF1E30088A400 /* NetworkManager.swift */; };
		05DC6E042C7DF2980088A400 /* TaskDetailsPresenter.swift in Sources */ = {isa = PBXBuildFile; fileRef = 05DC6E032C7DF2980088A400 /* TaskDetailsPresenter.swift */; };
		05DC6E062C7DF3AB0088A400 /* TaskDetailsInteractor.swift in Sources */ = {isa = PBXBuildFile; fileRef = 05DC6E052C7DF3AB0088A400 /* TaskDetailsInteractor.swift */; };
		05DC6E082C7DF41E0088A400 /* TaskDetailsConfigurator.swift in Sources */ = {isa = PBXBuildFile; fileRef = 05DC6E072C7DF41E0088A400 /* TaskDetailsConfigurator.swift */; };
/* End PBXBuildFile section */

/* Begin PBXContainerItemProxy section */
		05915D962C8303D400733B2F /* PBXContainerItemProxy */ = {
			isa = PBXContainerItemProxy;
			containerPortal = 05DC6DC72C7DBBE50088A400 /* Project object */;
			proxyType = 1;
			remoteGlobalIDString = 05DC6DCE2C7DBBE50088A400;
			remoteInfo = ToDoList;
		};
/* End PBXContainerItemProxy section */

/* Begin PBXFileReference section */
		05915D862C81DB6400733B2F /* AddTaskViewController.swift */ = {isa = PBXFileReference; lastKnownFileType = sourcecode.swift; path = AddTaskViewController.swift; sourceTree = "<group>"; };
		05915D882C81DB7E00733B2F /* AddTaskPresenter.swift */ = {isa = PBXFileReference; lastKnownFileType = sourcecode.swift; path = AddTaskPresenter.swift; sourceTree = "<group>"; };
		05915D8A2C81DB8D00733B2F /* AddTaskInteractor.swift */ = {isa = PBXFileReference; lastKnownFileType = sourcecode.swift; path = AddTaskInteractor.swift; sourceTree = "<group>"; };
		05915D8C2C81DB9C00733B2F /* AddTaskConfigurator.swift */ = {isa = PBXFileReference; lastKnownFileType = sourcecode.swift; path = AddTaskConfigurator.swift; sourceTree = "<group>"; };
		05915D922C8303D400733B2F /* ToDoListTests.xctest */ = {isa = PBXFileReference; explicitFileType = wrapper.cfbundle; includeInIndex = 0; path = ToDoListTests.xctest; sourceTree = BUILT_PRODUCTS_DIR; };
		05915D942C8303D400733B2F /* NetworkManagerTests.swift */ = {isa = PBXFileReference; lastKnownFileType = sourcecode.swift; path = NetworkManagerTests.swift; sourceTree = "<group>"; };
		059AB1E62C7DFD8D00CE23E4 /* TaskListRouter.swift */ = {isa = PBXFileReference; lastKnownFileType = sourcecode.swift; path = TaskListRouter.swift; sourceTree = "<group>"; };
		059AB1E82C7E21EA00CE23E4 /* TaskCell.swift */ = {isa = PBXFileReference; lastKnownFileType = sourcecode.swift; path = TaskCell.swift; sourceTree = "<group>"; };
		059AB1EA2C7E2B0500CE23E4 /* Task+CoreDataClass.swift */ = {isa = PBXFileReference; lastKnownFileType = sourcecode.swift; path = "Task+CoreDataClass.swift"; sourceTree = "<group>"; };
		059AB1EB2C7E2B0500CE23E4 /* Task+CoreDataProperties.swift */ = {isa = PBXFileReference; lastKnownFileType = sourcecode.swift; path = "Task+CoreDataProperties.swift"; sourceTree = "<group>"; };
		059AB1EF2C7E2C4500CE23E4 /* CodingUserInfoKey + CoreData.swift */ = {isa = PBXFileReference; lastKnownFileType = sourcecode.swift; path = "CodingUserInfoKey + CoreData.swift"; sourceTree = "<group>"; };
		059AB1F12C7E33E600CE23E4 /* ApiInfo.swift */ = {isa = PBXFileReference; lastKnownFileType = sourcecode.swift; path = ApiInfo.swift; sourceTree = "<group>"; };
		05DC6DCF2C7DBBE50088A400 /* ToDoList.app */ = {isa = PBXFileReference; explicitFileType = wrapper.application; includeInIndex = 0; path = ToDoList.app; sourceTree = BUILT_PRODUCTS_DIR; };
		05DC6DD22C7DBBE50088A400 /* AppDelegate.swift */ = {isa = PBXFileReference; lastKnownFileType = sourcecode.swift; path = AppDelegate.swift; sourceTree = "<group>"; };
		05DC6DD42C7DBBE50088A400 /* SceneDelegate.swift */ = {isa = PBXFileReference; lastKnownFileType = sourcecode.swift; path = SceneDelegate.swift; sourceTree = "<group>"; };
		05DC6DD92C7DBBE50088A400 /* Base */ = {isa = PBXFileReference; lastKnownFileType = file.storyboard; name = Base; path = Base.lproj/Main.storyboard; sourceTree = "<group>"; };
		05DC6DDC2C7DBBE50088A400 /* ToDoList.xcdatamodel */ = {isa = PBXFileReference; lastKnownFileType = wrapper.xcdatamodel; path = ToDoList.xcdatamodel; sourceTree = "<group>"; };
		05DC6DDE2C7DBBE60088A400 /* Assets.xcassets */ = {isa = PBXFileReference; lastKnownFileType = folder.assetcatalog; path = Assets.xcassets; sourceTree = "<group>"; };
		05DC6DE12C7DBBE60088A400 /* Base */ = {isa = PBXFileReference; lastKnownFileType = file.storyboard; name = Base; path = Base.lproj/LaunchScreen.storyboard; sourceTree = "<group>"; };
		05DC6DE32C7DBBE60088A400 /* Info.plist */ = {isa = PBXFileReference; lastKnownFileType = text.plist.xml; path = Info.plist; sourceTree = "<group>"; };
		05DC6DF22C7DC0AF0088A400 /* TaskListViewController.swift */ = {isa = PBXFileReference; lastKnownFileType = sourcecode.swift; path = TaskListViewController.swift; sourceTree = "<group>"; };
		05DC6DF42C7DCC040088A400 /* TaskDetailsViewController.swift */ = {isa = PBXFileReference; lastKnownFileType = sourcecode.swift; path = TaskDetailsViewController.swift; sourceTree = "<group>"; };
		05DC6DF72C7DD1A20088A400 /* TaskCellViewModel.swift */ = {isa = PBXFileReference; lastKnownFileType = sourcecode.swift; path = TaskCellViewModel.swift; sourceTree = "<group>"; };
		05DC6DF92C7DD7D90088A400 /* TaskListPresenter.swift */ = {isa = PBXFileReference; lastKnownFileType = sourcecode.swift; path = TaskListPresenter.swift; sourceTree = "<group>"; };
		05DC6DFB2C7DD7FD0088A400 /* TaskListInteractor.swift */ = {isa = PBXFileReference; lastKnownFileType = sourcecode.swift; path = TaskListInteractor.swift; sourceTree = "<group>"; };
		05DC6DFD2C7DDA260088A400 /* TaskListConfigurator.swift */ = {isa = PBXFileReference; lastKnownFileType = sourcecode.swift; path = TaskListConfigurator.swift; sourceTree = "<group>"; };
		05DC6DFF2C7DED160088A400 /* StorageManager.swift */ = {isa = PBXFileReference; lastKnownFileType = sourcecode.swift; path = StorageManager.swift; sourceTree = "<group>"; };
		05DC6E012C7DF1E30088A400 /* NetworkManager.swift */ = {isa = PBXFileReference; lastKnownFileType = sourcecode.swift; path = NetworkManager.swift; sourceTree = "<group>"; };
		05DC6E032C7DF2980088A400 /* TaskDetailsPresenter.swift */ = {isa = PBXFileReference; lastKnownFileType = sourcecode.swift; path = TaskDetailsPresenter.swift; sourceTree = "<group>"; };
		05DC6E052C7DF3AB0088A400 /* TaskDetailsInteractor.swift */ = {isa = PBXFileReference; lastKnownFileType = sourcecode.swift; path = TaskDetailsInteractor.swift; sourceTree = "<group>"; };
		05DC6E072C7DF41E0088A400 /* TaskDetailsConfigurator.swift */ = {isa = PBXFileReference; lastKnownFileType = sourcecode.swift; path = TaskDetailsConfigurator.swift; sourceTree = "<group>"; };
/* End PBXFileReference section */

/* Begin PBXFrameworksBuildPhase section */
		05915D8F2C8303D400733B2F /* Frameworks */ = {
			isa = PBXFrameworksBuildPhase;
			buildActionMask = 2147483647;
			files = (
			);
			runOnlyForDeploymentPostprocessing = 0;
		};
		05DC6DCC2C7DBBE50088A400 /* Frameworks */ = {
			isa = PBXFrameworksBuildPhase;
			buildActionMask = 2147483647;
			files = (
			);
			runOnlyForDeploymentPostprocessing = 0;
		};
/* End PBXFrameworksBuildPhase section */

/* Begin PBXGroup section */
		05915D832C81DB2200733B2F /* AddTask */ = {
			isa = PBXGroup;
			children = (
				05915D862C81DB6400733B2F /* AddTaskViewController.swift */,
				05915D882C81DB7E00733B2F /* AddTaskPresenter.swift */,
				05915D8A2C81DB8D00733B2F /* AddTaskInteractor.swift */,
				05915D8C2C81DB9C00733B2F /* AddTaskConfigurator.swift */,
			);
			path = AddTask;
			sourceTree = "<group>";
		};
		05915D932C8303D400733B2F /* ToDoListTests */ = {
			isa = PBXGroup;
			children = (
				05915D942C8303D400733B2F /* NetworkManagerTests.swift */,
			);
			path = ToDoListTests;
			sourceTree = "<group>";
		};
		059AB1EE2C7E2B9200CE23E4 /* CoreDataConfiguration */ = {
			isa = PBXGroup;
			children = (
				059AB1EA2C7E2B0500CE23E4 /* Task+CoreDataClass.swift */,
				059AB1EF2C7E2C4500CE23E4 /* CodingUserInfoKey + CoreData.swift */,
				059AB1EB2C7E2B0500CE23E4 /* Task+CoreDataProperties.swift */,
			);
			path = CoreDataConfiguration;
			sourceTree = "<group>";
		};
		05DC6DC62C7DBBE50088A400 = {
			isa = PBXGroup;
			children = (
				05DC6DD12C7DBBE50088A400 /* ToDoList */,
				05915D932C8303D400733B2F /* ToDoListTests */,
				05DC6DD02C7DBBE50088A400 /* Products */,
			);
			sourceTree = "<group>";
		};
		05DC6DD02C7DBBE50088A400 /* Products */ = {
			isa = PBXGroup;
			children = (
				05DC6DCF2C7DBBE50088A400 /* ToDoList.app */,
				05915D922C8303D400733B2F /* ToDoListTests.xctest */,
			);
			name = Products;
			sourceTree = "<group>";
		};
		05DC6DD12C7DBBE50088A400 /* ToDoList */ = {
			isa = PBXGroup;
			children = (
				05915D832C81DB2200733B2F /* AddTask */,
				05DC6DE92C7DBC130088A400 /* TaskList */,
				05DC6DEA2C7DBC200088A400 /* TaskDetails */,
				05DC6DED2C7DBC460088A400 /* Storyboards */,
				05DC6DEB2C7DBC340088A400 /* Entities */,
				05DC6DEC2C7DBC3C0088A400 /* Services */,
				05DC6DEE2C7DBC560088A400 /* Configuration */,
				05DC6DEF2C7DBC640088A400 /* Resources */,
			);
			path = ToDoList;
			sourceTree = "<group>";
		};
		05DC6DE92C7DBC130088A400 /* TaskList */ = {
			isa = PBXGroup;
			children = (
				05DC6DF22C7DC0AF0088A400 /* TaskListViewController.swift */,
				05DC6DF92C7DD7D90088A400 /* TaskListPresenter.swift */,
				05DC6DFB2C7DD7FD0088A400 /* TaskListInteractor.swift */,
				059AB1E62C7DFD8D00CE23E4 /* TaskListRouter.swift */,
				05DC6DFD2C7DDA260088A400 /* TaskListConfigurator.swift */,
				05DC6DF62C7DD1880088A400 /* TaskCell */,
			);
			path = TaskList;
			sourceTree = "<group>";
		};
		05DC6DEA2C7DBC200088A400 /* TaskDetails */ = {
			isa = PBXGroup;
			children = (
				05DC6DF42C7DCC040088A400 /* TaskDetailsViewController.swift */,
				05DC6E032C7DF2980088A400 /* TaskDetailsPresenter.swift */,
				05DC6E052C7DF3AB0088A400 /* TaskDetailsInteractor.swift */,
				05DC6E072C7DF41E0088A400 /* TaskDetailsConfigurator.swift */,
			);
			path = TaskDetails;
			sourceTree = "<group>";
		};
		05DC6DEB2C7DBC340088A400 /* Entities */ = {
			isa = PBXGroup;
			children = (
				05DC6DDB2C7DBBE50088A400 /* ToDoList.xcdatamodeld */,
				059AB1F12C7E33E600CE23E4 /* ApiInfo.swift */,
			);
			path = Entities;
			sourceTree = "<group>";
		};
		05DC6DEC2C7DBC3C0088A400 /* Services */ = {
			isa = PBXGroup;
			children = (
				05DC6DFF2C7DED160088A400 /* StorageManager.swift */,
				05DC6E012C7DF1E30088A400 /* NetworkManager.swift */,
			);
			path = Services;
			sourceTree = "<group>";
		};
		05DC6DED2C7DBC460088A400 /* Storyboards */ = {
			isa = PBXGroup;
			children = (
				05DC6DD82C7DBBE50088A400 /* Main.storyboard */,
				05DC6DE02C7DBBE60088A400 /* LaunchScreen.storyboard */,
			);
			path = Storyboards;
			sourceTree = "<group>";
		};
		05DC6DEE2C7DBC560088A400 /* Configuration */ = {
			isa = PBXGroup;
			children = (
				05DC6DD22C7DBBE50088A400 /* AppDelegate.swift */,
				05DC6DD42C7DBBE50088A400 /* SceneDelegate.swift */,
				05DC6DE32C7DBBE60088A400 /* Info.plist */,
				059AB1EE2C7E2B9200CE23E4 /* CoreDataConfiguration */,
			);
			path = Configuration;
			sourceTree = "<group>";
		};
		05DC6DEF2C7DBC640088A400 /* Resources */ = {
			isa = PBXGroup;
			children = (
				05DC6DDE2C7DBBE60088A400 /* Assets.xcassets */,
			);
			path = Resources;
			sourceTree = "<group>";
		};
		05DC6DF62C7DD1880088A400 /* TaskCell */ = {
			isa = PBXGroup;
			children = (
				059AB1E82C7E21EA00CE23E4 /* TaskCell.swift */,
				05DC6DF72C7DD1A20088A400 /* TaskCellViewModel.swift */,
			);
			path = TaskCell;
			sourceTree = "<group>";
		};
/* End PBXGroup section */

/* Begin PBXNativeTarget section */
		05915D912C8303D400733B2F /* ToDoListTests */ = {
			isa = PBXNativeTarget;
			buildConfigurationList = 05915D982C8303D400733B2F /* Build configuration list for PBXNativeTarget "ToDoListTests" */;
			buildPhases = (
				05915D8E2C8303D400733B2F /* Sources */,
				05915D8F2C8303D400733B2F /* Frameworks */,
				05915D902C8303D400733B2F /* Resources */,
			);
			buildRules = (
			);
			dependencies = (
				05915D972C8303D400733B2F /* PBXTargetDependency */,
			);
			name = ToDoListTests;
			productName = ToDoListTests;
			productReference = 05915D922C8303D400733B2F /* ToDoListTests.xctest */;
			productType = "com.apple.product-type.bundle.unit-test";
		};
		05DC6DCE2C7DBBE50088A400 /* ToDoList */ = {
			isa = PBXNativeTarget;
			buildConfigurationList = 05DC6DE62C7DBBE60088A400 /* Build configuration list for PBXNativeTarget "ToDoList" */;
			buildPhases = (
				05DC6DCB2C7DBBE50088A400 /* Sources */,
				05DC6DCC2C7DBBE50088A400 /* Frameworks */,
				05DC6DCD2C7DBBE50088A400 /* Resources */,
			);
			buildRules = (
			);
			dependencies = (
			);
			name = ToDoList;
			productName = ToDoList;
			productReference = 05DC6DCF2C7DBBE50088A400 /* ToDoList.app */;
			productType = "com.apple.product-type.application";
		};
/* End PBXNativeTarget section */

/* Begin PBXProject section */
		05DC6DC72C7DBBE50088A400 /* Project object */ = {
			isa = PBXProject;
			attributes = {
				BuildIndependentTargetsInParallel = 1;
				LastSwiftUpdateCheck = 1540;
				LastUpgradeCheck = 1540;
				TargetAttributes = {
					05915D912C8303D400733B2F = {
						CreatedOnToolsVersion = 15.4;
						TestTargetID = 05DC6DCE2C7DBBE50088A400;
					};
					05DC6DCE2C7DBBE50088A400 = {
						CreatedOnToolsVersion = 15.4;
					};
				};
			};
			buildConfigurationList = 05DC6DCA2C7DBBE50088A400 /* Build configuration list for PBXProject "ToDoList" */;
			compatibilityVersion = "Xcode 14.0";
			developmentRegion = en;
			hasScannedForEncodings = 0;
			knownRegions = (
				en,
				Base,
			);
			mainGroup = 05DC6DC62C7DBBE50088A400;
			productRefGroup = 05DC6DD02C7DBBE50088A400 /* Products */;
			projectDirPath = "";
			projectRoot = "";
			targets = (
				05DC6DCE2C7DBBE50088A400 /* ToDoList */,
				05915D912C8303D400733B2F /* ToDoListTests */,
			);
		};
/* End PBXProject section */

/* Begin PBXResourcesBuildPhase section */
		05915D902C8303D400733B2F /* Resources */ = {
			isa = PBXResourcesBuildPhase;
			buildActionMask = 2147483647;
			files = (
			);
			runOnlyForDeploymentPostprocessing = 0;
		};
		05DC6DCD2C7DBBE50088A400 /* Resources */ = {
			isa = PBXResourcesBuildPhase;
			buildActionMask = 2147483647;
			files = (
				05DC6DDF2C7DBBE60088A400 /* Assets.xcassets in Resources */,
				05DC6DE22C7DBBE60088A400 /* Base in Resources */,
				05DC6DDA2C7DBBE50088A400 /* Base in Resources */,
			);
			runOnlyForDeploymentPostprocessing = 0;
		};
/* End PBXResourcesBuildPhase section */

/* Begin PBXSourcesBuildPhase section */
		05915D8E2C8303D400733B2F /* Sources */ = {
			isa = PBXSourcesBuildPhase;
			buildActionMask = 2147483647;
			files = (
				05915D952C8303D400733B2F /* NetworkManagerTests.swift in Sources */,
			);
			runOnlyForDeploymentPostprocessing = 0;
		};
		05DC6DCB2C7DBBE50088A400 /* Sources */ = {
			isa = PBXSourcesBuildPhase;
			buildActionMask = 2147483647;
			files = (
				05DC6DFA2C7DD7D90088A400 /* TaskListPresenter.swift in Sources */,
				05DC6DF52C7DCC040088A400 /* TaskDetailsViewController.swift in Sources */,
				05DC6DD32C7DBBE50088A400 /* AppDelegate.swift in Sources */,
				05915D8D2C81DB9C00733B2F /* AddTaskConfigurator.swift in Sources */,
				059AB1F22C7E33E600CE23E4 /* ApiInfo.swift in Sources */,
				059AB1E92C7E21EA00CE23E4 /* TaskCell.swift in Sources */,
				05915D892C81DB7E00733B2F /* AddTaskPresenter.swift in Sources */,
				05DC6DF32C7DC0AF0088A400 /* TaskListViewController.swift in Sources */,
				05DC6E062C7DF3AB0088A400 /* TaskDetailsInteractor.swift in Sources */,
				05915D8B2C81DB8D00733B2F /* AddTaskInteractor.swift in Sources */,
				05DC6E022C7DF1E30088A400 /* NetworkManager.swift in Sources */,
				05DC6DF82C7DD1A20088A400 /* TaskCellViewModel.swift in Sources */,
				059AB1F02C7E2C4500CE23E4 /* CodingUserInfoKey + CoreData.swift in Sources */,
				059AB1EC2C7E2B0500CE23E4 /* Task+CoreDataClass.swift in Sources */,
				059AB1ED2C7E2B0500CE23E4 /* Task+CoreDataProperties.swift in Sources */,
				05DC6DFC2C7DD7FD0088A400 /* TaskListInteractor.swift in Sources */,
				05DC6DFE2C7DDA260088A400 /* TaskListConfigurator.swift in Sources */,
				05DC6E002C7DED160088A400 /* StorageManager.swift in Sources */,
				059AB1E72C7DFD8D00CE23E4 /* TaskListRouter.swift in Sources */,
				05915D872C81DB6400733B2F /* AddTaskViewController.swift in Sources */,
				05DC6DD52C7DBBE50088A400 /* SceneDelegate.swift in Sources */,
				05DC6E042C7DF2980088A400 /* TaskDetailsPresenter.swift in Sources */,
				05DC6E082C7DF41E0088A400 /* TaskDetailsConfigurator.swift in Sources */,
				05DC6DDD2C7DBBE50088A400 /* ToDoList.xcdatamodeld in Sources */,
			);
			runOnlyForDeploymentPostprocessing = 0;
		};
/* End PBXSourcesBuildPhase section */

/* Begin PBXTargetDependency section */
		05915D972C8303D400733B2F /* PBXTargetDependency */ = {
			isa = PBXTargetDependency;
			target = 05DC6DCE2C7DBBE50088A400 /* ToDoList */;
			targetProxy = 05915D962C8303D400733B2F /* PBXContainerItemProxy */;
		};
/* End PBXTargetDependency section */

/* Begin PBXVariantGroup section */
		05DC6DD82C7DBBE50088A400 /* Main.storyboard */ = {
			isa = PBXVariantGroup;
			children = (
				05DC6DD92C7DBBE50088A400 /* Base */,
			);
			name = Main.storyboard;
			sourceTree = "<group>";
		};
		05DC6DE02C7DBBE60088A400 /* LaunchScreen.storyboard */ = {
			isa = PBXVariantGroup;
			children = (
				05DC6DE12C7DBBE60088A400 /* Base */,
			);
			name = LaunchScreen.storyboard;
			sourceTree = "<group>";
		};
/* End PBXVariantGroup section */

/* Begin XCBuildConfiguration section */
		05915D992C8303D400733B2F /* Debug */ = {
			isa = XCBuildConfiguration;
			buildSettings = {
				BUNDLE_LOADER = "$(TEST_HOST)";
				CODE_SIGN_STYLE = Automatic;
				CURRENT_PROJECT_VERSION = 1;
				DEVELOPMENT_TEAM = AM64M5A8BU;
				GENERATE_INFOPLIST_FILE = YES;
				MARKETING_VERSION = 1.0;
				PRODUCT_BUNDLE_IDENTIFIER = DenisDenisov.ToDoListTests;
				PRODUCT_NAME = "$(TARGET_NAME)";
				SUPPORTED_PLATFORMS = "iphoneos iphonesimulator";
				SUPPORTS_MACCATALYST = NO;
				SUPPORTS_MAC_DESIGNED_FOR_IPHONE_IPAD = NO;
				SUPPORTS_XR_DESIGNED_FOR_IPHONE_IPAD = NO;
				SWIFT_EMIT_LOC_STRINGS = NO;
				SWIFT_VERSION = 5.0;
				TARGETED_DEVICE_FAMILY = 1;
				TEST_HOST = "$(BUILT_PRODUCTS_DIR)/ToDoList.app/$(BUNDLE_EXECUTABLE_FOLDER_PATH)/ToDoList";
			};
			name = Debug;
		};
		05915D9A2C8303D400733B2F /* Release */ = {
			isa = XCBuildConfiguration;
			buildSettings = {
				BUNDLE_LOADER = "$(TEST_HOST)";
				CODE_SIGN_STYLE = Automatic;
				CURRENT_PROJECT_VERSION = 1;
				DEVELOPMENT_TEAM = AM64M5A8BU;
				GENERATE_INFOPLIST_FILE = YES;
				MARKETING_VERSION = 1.0;
				PRODUCT_BUNDLE_IDENTIFIER = DenisDenisov.ToDoListTests;
				PRODUCT_NAME = "$(TARGET_NAME)";
				SUPPORTED_PLATFORMS = "iphoneos iphonesimulator";
				SUPPORTS_MACCATALYST = NO;
				SUPPORTS_MAC_DESIGNED_FOR_IPHONE_IPAD = NO;
				SUPPORTS_XR_DESIGNED_FOR_IPHONE_IPAD = NO;
				SWIFT_EMIT_LOC_STRINGS = NO;
				SWIFT_VERSION = 5.0;
				TARGETED_DEVICE_FAMILY = 1;
				TEST_HOST = "$(BUILT_PRODUCTS_DIR)/ToDoList.app/$(BUNDLE_EXECUTABLE_FOLDER_PATH)/ToDoList";
			};
			name = Release;
		};
		05DC6DE42C7DBBE60088A400 /* Debug */ = {
			isa = XCBuildConfiguration;
			buildSettings = {
				ALWAYS_SEARCH_USER_PATHS = NO;
				ASSETCATALOG_COMPILER_GENERATE_SWIFT_ASSET_SYMBOL_EXTENSIONS = YES;
				CLANG_ANALYZER_NONNULL = YES;
				CLANG_ANALYZER_NUMBER_OBJECT_CONVERSION = YES_AGGRESSIVE;
				CLANG_CXX_LANGUAGE_STANDARD = "gnu++20";
				CLANG_ENABLE_MODULES = YES;
				CLANG_ENABLE_OBJC_ARC = YES;
				CLANG_ENABLE_OBJC_WEAK = YES;
				CLANG_WARN_BLOCK_CAPTURE_AUTORELEASING = YES;
				CLANG_WARN_BOOL_CONVERSION = YES;
				CLANG_WARN_COMMA = YES;
				CLANG_WARN_CONSTANT_CONVERSION = YES;
				CLANG_WARN_DEPRECATED_OBJC_IMPLEMENTATIONS = YES;
				CLANG_WARN_DIRECT_OBJC_ISA_USAGE = YES_ERROR;
				CLANG_WARN_DOCUMENTATION_COMMENTS = YES;
				CLANG_WARN_EMPTY_BODY = YES;
				CLANG_WARN_ENUM_CONVERSION = YES;
				CLANG_WARN_INFINITE_RECURSION = YES;
				CLANG_WARN_INT_CONVERSION = YES;
				CLANG_WARN_NON_LITERAL_NULL_CONVERSION = YES;
				CLANG_WARN_OBJC_IMPLICIT_RETAIN_SELF = YES;
				CLANG_WARN_OBJC_LITERAL_CONVERSION = YES;
				CLANG_WARN_OBJC_ROOT_CLASS = YES_ERROR;
				CLANG_WARN_QUOTED_INCLUDE_IN_FRAMEWORK_HEADER = YES;
				CLANG_WARN_RANGE_LOOP_ANALYSIS = YES;
				CLANG_WARN_STRICT_PROTOTYPES = YES;
				CLANG_WARN_SUSPICIOUS_MOVE = YES;
				CLANG_WARN_UNGUARDED_AVAILABILITY = YES_AGGRESSIVE;
				CLANG_WARN_UNREACHABLE_CODE = YES;
				CLANG_WARN__DUPLICATE_METHOD_MATCH = YES;
				COPY_PHASE_STRIP = NO;
				DEBUG_INFORMATION_FORMAT = dwarf;
				ENABLE_STRICT_OBJC_MSGSEND = YES;
				ENABLE_TESTABILITY = YES;
				ENABLE_USER_SCRIPT_SANDBOXING = YES;
				GCC_C_LANGUAGE_STANDARD = gnu17;
				GCC_DYNAMIC_NO_PIC = NO;
				GCC_NO_COMMON_BLOCKS = YES;
				GCC_OPTIMIZATION_LEVEL = 0;
				GCC_PREPROCESSOR_DEFINITIONS = (
					"DEBUG=1",
					"$(inherited)",
				);
				GCC_WARN_64_TO_32_BIT_CONVERSION = YES;
				GCC_WARN_ABOUT_RETURN_TYPE = YES_ERROR;
				GCC_WARN_UNDECLARED_SELECTOR = YES;
				GCC_WARN_UNINITIALIZED_AUTOS = YES_AGGRESSIVE;
				GCC_WARN_UNUSED_FUNCTION = YES;
				GCC_WARN_UNUSED_VARIABLE = YES;
				IPHONEOS_DEPLOYMENT_TARGET = 17.5;
				LOCALIZATION_PREFERS_STRING_CATALOGS = YES;
				MTL_ENABLE_DEBUG_INFO = INCLUDE_SOURCE;
				MTL_FAST_MATH = YES;
				ONLY_ACTIVE_ARCH = YES;
				SDKROOT = iphoneos;
				SWIFT_ACTIVE_COMPILATION_CONDITIONS = "DEBUG $(inherited)";
				SWIFT_OPTIMIZATION_LEVEL = "-Onone";
			};
			name = Debug;
		};
		05DC6DE52C7DBBE60088A400 /* Release */ = {
			isa = XCBuildConfiguration;
			buildSettings = {
				ALWAYS_SEARCH_USER_PATHS = NO;
				ASSETCATALOG_COMPILER_GENERATE_SWIFT_ASSET_SYMBOL_EXTENSIONS = YES;
				CLANG_ANALYZER_NONNULL = YES;
				CLANG_ANALYZER_NUMBER_OBJECT_CONVERSION = YES_AGGRESSIVE;
				CLANG_CXX_LANGUAGE_STANDARD = "gnu++20";
				CLANG_ENABLE_MODULES = YES;
				CLANG_ENABLE_OBJC_ARC = YES;
				CLANG_ENABLE_OBJC_WEAK = YES;
				CLANG_WARN_BLOCK_CAPTURE_AUTORELEASING = YES;
				CLANG_WARN_BOOL_CONVERSION = YES;
				CLANG_WARN_COMMA = YES;
				CLANG_WARN_CONSTANT_CONVERSION = YES;
				CLANG_WARN_DEPRECATED_OBJC_IMPLEMENTATIONS = YES;
				CLANG_WARN_DIRECT_OBJC_ISA_USAGE = YES_ERROR;
				CLANG_WARN_DOCUMENTATION_COMMENTS = YES;
				CLANG_WARN_EMPTY_BODY = YES;
				CLANG_WARN_ENUM_CONVERSION = YES;
				CLANG_WARN_INFINITE_RECURSION = YES;
				CLANG_WARN_INT_CONVERSION = YES;
				CLANG_WARN_NON_LITERAL_NULL_CONVERSION = YES;
				CLANG_WARN_OBJC_IMPLICIT_RETAIN_SELF = YES;
				CLANG_WARN_OBJC_LITERAL_CONVERSION = YES;
				CLANG_WARN_OBJC_ROOT_CLASS = YES_ERROR;
				CLANG_WARN_QUOTED_INCLUDE_IN_FRAMEWORK_HEADER = YES;
				CLANG_WARN_RANGE_LOOP_ANALYSIS = YES;
				CLANG_WARN_STRICT_PROTOTYPES = YES;
				CLANG_WARN_SUSPICIOUS_MOVE = YES;
				CLANG_WARN_UNGUARDED_AVAILABILITY = YES_AGGRESSIVE;
				CLANG_WARN_UNREACHABLE_CODE = YES;
				CLANG_WARN__DUPLICATE_METHOD_MATCH = YES;
				COPY_PHASE_STRIP = NO;
				DEBUG_INFORMATION_FORMAT = "dwarf-with-dsym";
				ENABLE_NS_ASSERTIONS = NO;
				ENABLE_STRICT_OBJC_MSGSEND = YES;
				ENABLE_USER_SCRIPT_SANDBOXING = YES;
				GCC_C_LANGUAGE_STANDARD = gnu17;
				GCC_NO_COMMON_BLOCKS = YES;
				GCC_WARN_64_TO_32_BIT_CONVERSION = YES;
				GCC_WARN_ABOUT_RETURN_TYPE = YES_ERROR;
				GCC_WARN_UNDECLARED_SELECTOR = YES;
				GCC_WARN_UNINITIALIZED_AUTOS = YES_AGGRESSIVE;
				GCC_WARN_UNUSED_FUNCTION = YES;
				GCC_WARN_UNUSED_VARIABLE = YES;
				IPHONEOS_DEPLOYMENT_TARGET = 17.5;
				LOCALIZATION_PREFERS_STRING_CATALOGS = YES;
				MTL_ENABLE_DEBUG_INFO = NO;
				MTL_FAST_MATH = YES;
				SDKROOT = iphoneos;
				SWIFT_COMPILATION_MODE = wholemodule;
				VALIDATE_PRODUCT = YES;
			};
			name = Release;
		};
		05DC6DE72C7DBBE60088A400 /* Debug */ = {
			isa = XCBuildConfiguration;
			buildSettings = {
				ASSETCATALOG_COMPILER_APPICON_NAME = AppIcon;
				ASSETCATALOG_COMPILER_GLOBAL_ACCENT_COLOR_NAME = AccentColor;
				CODE_SIGN_STYLE = Automatic;
				CURRENT_PROJECT_VERSION = 1;
				DEVELOPMENT_TEAM = AM64M5A8BU;
				GENERATE_INFOPLIST_FILE = YES;
				INFOPLIST_FILE = ToDoList/Configuration/Info.plist;
				INFOPLIST_KEY_CFBundleDisplayName = "To Do";
				INFOPLIST_KEY_UIApplicationSupportsIndirectInputEvents = YES;
				INFOPLIST_KEY_UILaunchStoryboardName = LaunchScreen;
				INFOPLIST_KEY_UIMainStoryboardFile = Main;
				INFOPLIST_KEY_UISupportedInterfaceOrientations = UIInterfaceOrientationPortrait;
				INFOPLIST_KEY_UISupportedInterfaceOrientations_iPad = "UIInterfaceOrientationLandscapeLeft UIInterfaceOrientationLandscapeRight UIInterfaceOrientationPortrait UIInterfaceOrientationPortraitUpsideDown";
				IPHONEOS_DEPLOYMENT_TARGET = 16;
				LD_RUNPATH_SEARCH_PATHS = (
					"$(inherited)",
					"@executable_path/Frameworks",
				);
				MARKETING_VERSION = 1.0;
				PRODUCT_BUNDLE_IDENTIFIER = DenisDenisov.ToDoList;
				PRODUCT_NAME = "$(TARGET_NAME)";
				SUPPORTED_PLATFORMS = "iphoneos iphonesimulator";
				SUPPORTS_MACCATALYST = NO;
				SUPPORTS_MAC_DESIGNED_FOR_IPHONE_IPAD = NO;
				SUPPORTS_XR_DESIGNED_FOR_IPHONE_IPAD = NO;
				SWIFT_EMIT_LOC_STRINGS = YES;
				SWIFT_VERSION = 5.0;
				TARGETED_DEVICE_FAMILY = 1;
			};
			name = Debug;
		};
		05DC6DE82C7DBBE60088A400 /* Release */ = {
			isa = XCBuildConfiguration;
			buildSettings = {
				ASSETCATALOG_COMPILER_APPICON_NAME = AppIcon;
				ASSETCATALOG_COMPILER_GLOBAL_ACCENT_COLOR_NAME = AccentColor;
				CODE_SIGN_STYLE = Automatic;
				CURRENT_PROJECT_VERSION = 1;
				DEVELOPMENT_TEAM = AM64M5A8BU;
				GENERATE_INFOPLIST_FILE = YES;
				INFOPLIST_FILE = ToDoList/Configuration/Info.plist;
				INFOPLIST_KEY_CFBundleDisplayName = "To Do";
				INFOPLIST_KEY_UIApplicationSupportsIndirectInputEvents = YES;
				INFOPLIST_KEY_UILaunchStoryboardName = LaunchScreen;
				INFOPLIST_KEY_UIMainStoryboardFile = Main;
				INFOPLIST_KEY_UISupportedInterfaceOrientations = UIInterfaceOrientationPortrait;
				INFOPLIST_KEY_UISupportedInterfaceOrientations_iPad = "UIInterfaceOrientationLandscapeLeft UIInterfaceOrientationLandscapeRight UIInterfaceOrientationPortrait UIInterfaceOrientationPortraitUpsideDown";
				IPHONEOS_DEPLOYMENT_TARGET = 16;
				LD_RUNPATH_SEARCH_PATHS = (
					"$(inherited)",
					"@executable_path/Frameworks",
				);
				MARKETING_VERSION = 1.0;
				PRODUCT_BUNDLE_IDENTIFIER = DenisDenisov.ToDoList;
				PRODUCT_NAME = "$(TARGET_NAME)";
				SUPPORTED_PLATFORMS = "iphoneos iphonesimulator";
				SUPPORTS_MACCATALYST = NO;
				SUPPORTS_MAC_DESIGNED_FOR_IPHONE_IPAD = NO;
				SUPPORTS_XR_DESIGNED_FOR_IPHONE_IPAD = NO;
				SWIFT_EMIT_LOC_STRINGS = YES;
				SWIFT_VERSION = 5.0;
				TARGETED_DEVICE_FAMILY = 1;
			};
			name = Release;
		};
/* End XCBuildConfiguration section */

/* Begin XCConfigurationList section */
		05915D982C8303D400733B2F /* Build configuration list for PBXNativeTarget "ToDoListTests" */ = {
			isa = XCConfigurationList;
			buildConfigurations = (
				05915D992C8303D400733B2F /* Debug */,
				05915D9A2C8303D400733B2F /* Release */,
			);
			defaultConfigurationIsVisible = 0;
			defaultConfigurationName = Release;
		};
		05DC6DCA2C7DBBE50088A400 /* Build configuration list for PBXProject "ToDoList" */ = {
			isa = XCConfigurationList;
			buildConfigurations = (
				05DC6DE42C7DBBE60088A400 /* Debug */,
				05DC6DE52C7DBBE60088A400 /* Release */,
			);
			defaultConfigurationIsVisible = 0;
			defaultConfigurationName = Release;
		};
		05DC6DE62C7DBBE60088A400 /* Build configuration list for PBXNativeTarget "ToDoList" */ = {
			isa = XCConfigurationList;
			buildConfigurations = (
				05DC6DE72C7DBBE60088A400 /* Debug */,
				05DC6DE82C7DBBE60088A400 /* Release */,
			);
			defaultConfigurationIsVisible = 0;
			defaultConfigurationName = Release;
		};
/* End XCConfigurationList section */

/* Begin XCVersionGroup section */
		05DC6DDB2C7DBBE50088A400 /* ToDoList.xcdatamodeld */ = {
			isa = XCVersionGroup;
			children = (
				05DC6DDC2C7DBBE50088A400 /* ToDoList.xcdatamodel */,
			);
			currentVersion = 05DC6DDC2C7DBBE50088A400 /* ToDoList.xcdatamodel */;
			path = ToDoList.xcdatamodeld;
			sourceTree = "<group>";
			versionGroupType = wrapper.xcdatamodel;
		};
/* End XCVersionGroup section */
	};
	rootObject = 05DC6DC72C7DBBE50088A400 /* Project object */;
}
